<Solution>
  <Project Path="EventsApi/EventsApi.csproj" />
  <Project Path="EventsApp.AppHost/EventsApp.AppHost.csproj" />
  <Project Path="EventsApp.MauiServiceDefaults/EventsApp.MauiServiceDefaults.csproj" />
  <Project Path="EventsApp.WebServiceDefaults/EventsApp.WebServiceDefaults.csproj" />
  <Project Path="EventsAppp/EventsAppp.csproj" />
  <Project Path="MigrationService/MigrationService.csproj" />
</Solution>
